version = 1
revision = 3
requires-python = ">=3.13"

[[package]]
name = "colorama"
version = "0.4.6"
source = { registry = "https://pypi.org/simple" }
sdist = { url = "https://files.pythonhosted.org/packages/d8/53/6f443c9a4a8358a93a6792e2acffb9d9d5cb0a5cfd8802644b7b1c9a02e4/colorama-0.4.6.tar.gz", hash = "sha256:08695f5cb7ed6e0531a20572697297273c47b8cae5a63ffc6d6ed5c201be6e44", size = 27697, upload-time = "2022-10-25T02:36:22.414Z" }
wheels = [
    { url = "https://files.pythonhosted.org/packages/d1/d6/3965ed04c63042e047cb6a3e6ed1a63a35087b6a609aa3a15ed8ac56c221/colorama-0.4.6-py2.py3-none-any.whl", hash = "sha256:4f1d9991f5acc0ca119f9d443620b77f9d6b33703e51011c16baf57afb285fc6", size = 25335, upload-time = "2022-10-25T02:36:20.889Z" },
]

[[package]]
name = "compare-dir"
source = { editable = "." }
dependencies = [
    { name = "tqdm" },
]

[package.metadata]
requires-dist = [{ name = "tqdm", specifier = ">=4.67.3" }]

[[package]]
name = "tqdm"
version = "4.68.1"
source = { registry = "https://pypi.org/simple" }
dependencies = [
    { name = "colorama", marker = "sys_platform == 'win32'" },
]
sdist = { url = "https://files.pythonhosted.org/packages/06/b3/36c8ecf72e8925200671613332db156d84b99b3aee742a41c1938ebb0808/tqdm-4.68.1.tar.gz", hash = "sha256:fc163d96b287bd031e1aa24421ce4411b25559bd0a1be4fe649bdaa4d2c02bf5", size = 171236, upload-time = "2026-06-05T17:23:15.267Z" }
wheels = [
    { url = "https://files.pythonhosted.org/packages/47/aa/218a0eb34de1f753c83e4d0d1c8e7c4cef27f20dcb8342e024f63a80dc86/tqdm-4.68.1-py3-none-any.whl", hash = "sha256:fea4a90e4023f764914569f7802a297277c5ab1a66be5144143e142e1a4031d8", size = 78354, upload-time = "2026-06-05T17:23:13.654Z" },
]
